
Microsoft Visual Studio Solution File, Format Version 12.00
# Visual Studio 15
VisualStudioVersion = 15.0.27004.2005
MinimumVisualStudioVersion = 10.0.40219.1
Project("{FAE04EC0-301F-11D3-BF4B-00C04F79EFBC}") = "ICT13580042A2.Android", "ICT13580042A2\ICT13580042A2.Android\ICT13580042A2.Android.csproj", "{A221EE73-7223-4759-943B-17470142CBF0}"
EndProject
Project("{FAE04EC0-301F-11D3-BF4B-00C04F79EFBC}") = "ICT13580042A2", "ICT13580042A2\ICT13580042A2\ICT13580042A2.csproj", "{F4DEA4E9-7BCD-4BF3-B064-D77BD583B0E5}"
EndProject
Project("{FAE04EC0-301F-11D3-BF4B-00C04F79EFBC}") = "ICT13580042A2.iOS", "ICT13580042A2\ICT13580042A2.iOS\ICT13580042A2.iOS.csproj", "{D8258A89-24E1-4BC5-933F-AA0658F97A62}"
EndProject
Global
	GlobalSection(SolutionConfigurationPlatforms) = preSolution
		Ad-Hoc|Any CPU = Ad-Hoc|Any CPU
		Ad-Hoc|iPhone = Ad-Hoc|iPhone
		Ad-Hoc|iPhoneSimulator = Ad-Hoc|iPhoneSimulator
		AppStore|Any CPU = AppStore|Any CPU
		AppStore|iPhone = AppStore|iPhone
		AppStore|iPhoneSimulator = AppStore|iPhoneSimulator
		Debug|Any CPU = Debug|Any CPU
		Debug|iPhone = Debug|iPhone
		Debug|iPhoneSimulator = Debug|iPhoneSimulator
		Release|Any CPU = Release|Any CPU
		Release|iPhone = Release|iPhone
		Release|iPhoneSimulator = Release|iPhoneSimulator
	EndGlobalSection
	GlobalSection(ProjectConfigurationPlatforms) = postSolution
		{A221EE73-7223-4759-943B-17470142CBF0}.Ad-Hoc|Any CPU.ActiveCfg = Release|Any CPU
		{A221EE73-7223-4759-943B-17470142CBF0}.Ad-Hoc|Any CPU.Build.0 = Release|Any CPU
		{A221EE73-7223-4759-943B-17470142CBF0}.Ad-Hoc|Any CPU.Deploy.0 = Release|Any CPU
		{A221EE73-7223-4759-943B-17470142CBF0}.Ad-Hoc|iPhone.ActiveCfg = Release|Any CPU
		{A221EE73-7223-4759-943B-17470142CBF0}.Ad-Hoc|iPhone.Build.0 = Release|Any CPU
		{A221EE73-7223-4759-943B-17470142CBF0}.Ad-Hoc|iPhone.Deploy.0 = Release|Any CPU
		{A221EE73-7223-4759-943B-17470142CBF0}.Ad-Hoc|iPhoneSimulator.ActiveCfg = Release|Any CPU
		{A221EE73-7223-4759-943B-17470142CBF0}.Ad-Hoc|iPhoneSimulator.Build.0 = Release|Any CPU
		{A221EE73-7223-4759-943B-17470142CBF0}.Ad-Hoc|iPhoneSimulator.Deploy.0 = Release|Any CPU
		{A221EE73-7223-4759-943B-17470142CBF0}.AppStore|Any CPU.ActiveCfg = Release|Any CPU
		{A221EE73-7223-4759-943B-17470142CBF0}.AppStore|Any CPU.Build.0 = Release|Any CPU
		{A221EE73-7223-4759-943B-17470142CBF0}.AppStore|Any CPU.Deploy.0 = Release|Any CPU
		{A221EE73-7223-4759-943B-17470142CBF0}.AppStore|iPhone.ActiveCfg = Release|Any CPU
		{A221EE73-7223-4759-943B-17470142CBF0}.AppStore|iPhone.Build.0 = Release|Any CPU
		{A221EE73-7223-4759-943B-17470142CBF0}.AppStore|iPhone.Deploy.0 = Release|Any CPU
		{A221EE73-7223-4759-943B-17470142CBF0}.AppStore|iPhoneSimulator.ActiveCfg = Release|Any CPU
		{A221EE73-7223-4759-943B-17470142CBF0}.AppStore|iPhoneSimulator.Build.0 = Release|Any CPU
		{A221EE73-7223-4759-943B-17470142CBF0}.AppStore|iPhoneSimulator.Deploy.0 = Release|Any CPU
		{A221EE73-7223-4759-943B-17470142CBF0}.Debug|Any CPU.ActiveCfg = Debug|Any CPU
		{A221EE73-7223-4759-943B-17470142CBF0}.Debug|Any CPU.Build.0 = Debug|Any CPU
		{A221EE73-7223-4759-943B-17470142CBF0}.Debug|Any CPU.Deploy.0 = Debug|Any CPU
		{A221EE73-7223-4759-943B-17470142CBF0}.Debug|iPhone.ActiveCfg = Debug|Any CPU
		{A221EE73-7223-4759-943B-17470142CBF0}.Debug|iPhone.Build.0 = Debug|Any CPU
		{A221EE73-7223-4759-943B-17470142CBF0}.Debug|iPhone.Deploy.0 = Debug|Any CPU
		{A221EE73-7223-4759-943B-17470142CBF0}.Debug|iPhoneSimulator.ActiveCfg = Debug|Any CPU
		{A221EE73-7223-4759-943B-17470142CBF0}.Debug|iPhoneSimulator.Build.0 = Debug|Any CPU
		{A221EE73-7223-4759-943B-17470142CBF0}.Debug|iPhoneSimulator.Deploy.0 = Debug|Any CPU
		{A221EE73-7223-4759-943B-17470142CBF0}.Release|Any CPU.ActiveCfg = Release|Any CPU
		{A221EE73-7223-4759-943B-17470142CBF0}.Release|Any CPU.Build.0 = Release|Any CPU
		{A221EE73-7223-4759-943B-17470142CBF0}.Release|Any CPU.Deploy.0 = Release|Any CPU
		{A221EE73-7223-4759-943B-17470142CBF0}.Release|iPhone.ActiveCfg = Release|Any CPU
		{A221EE73-7223-4759-943B-17470142CBF0}.Release|iPhone.Build.0 = Release|Any CPU
		{A221EE73-7223-4759-943B-17470142CBF0}.Release|iPhone.Deploy.0 = Release|Any CPU
		{A221EE73-7223-4759-943B-17470142CBF0}.Release|iPhoneSimulator.ActiveCfg = Release|Any CPU
		{A221EE73-7223-4759-943B-17470142CBF0}.Release|iPhoneSimulator.Build.0 = Release|Any CPU
		{A221EE73-7223-4759-943B-17470142CBF0}.Release|iPhoneSimulator.Deploy.0 = Release|Any CPU
		{F4DEA4E9-7BCD-4BF3-B064-D77BD583B0E5}.Ad-Hoc|Any CPU.ActiveCfg = Release|Any CPU
		{F4DEA4E9-7BCD-4BF3-B064-D77BD583B0E5}.Ad-Hoc|Any CPU.Build.0 = Release|Any CPU
		{F4DEA4E9-7BCD-4BF3-B064-D77BD583B0E5}.Ad-Hoc|iPhone.ActiveCfg = Release|Any CPU
		{F4DEA4E9-7BCD-4BF3-B064-D77BD583B0E5}.Ad-Hoc|iPhone.Build.0 = Release|Any CPU
		{F4DEA4E9-7BCD-4BF3-B064-D77BD583B0E5}.Ad-Hoc|iPhoneSimulator.ActiveCfg = Release|Any CPU
		{F4DEA4E9-7BCD-4BF3-B064-D77BD583B0E5}.Ad-Hoc|iPhoneSimulator.Build.0 = Release|Any CPU
		{F4DEA4E9-7BCD-4BF3-B064-D77BD583B0E5}.AppStore|Any CPU.ActiveCfg = Release|Any CPU
		{F4DEA4E9-7BCD-4BF3-B064-D77BD583B0E5}.AppStore|Any CPU.Build.0 = Release|Any CPU
		{F4DEA4E9-7BCD-4BF3-B064-D77BD583B0E5}.AppStore|iPhone.ActiveCfg = Release|Any CPU
		{F4DEA4E9-7BCD-4BF3-B064-D77BD583B0E5}.AppStore|iPhone.Build.0 = Release|Any CPU
		{F4DEA4E9-7BCD-4BF3-B064-D77BD583B0E5}.AppStore|iPhoneSimulator.ActiveCfg = Release|Any CPU
		{F4DEA4E9-7BCD-4BF3-B064-D77BD583B0E5}.AppStore|iPhoneSimulator.Build.0 = Release|Any CPU
		{F4DEA4E9-7BCD-4BF3-B064-D77BD583B0E5}.Debug|Any CPU.ActiveCfg = Debug|Any CPU
		{F4DEA4E9-7BCD-4BF3-B064-D77BD583B0E5}.Debug|Any CPU.Build.0 = Debug|Any CPU
		{F4DEA4E9-7BCD-4BF3-B064-D77BD583B0E5}.Debug|iPhone.ActiveCfg = Debug|Any CPU
		{F4DEA4E9-7BCD-4BF3-B064-D77BD583B0E5}.Debug|iPhone.Build.0 = Debug|Any CPU
		{F4DEA4E9-7BCD-4BF3-B064-D77BD583B0E5}.Debug|iPhoneSimulator.ActiveCfg = Debug|Any CPU
		{F4DEA4E9-7BCD-4BF3-B064-D77BD583B0E5}.Debug|iPhoneSimulator.Build.0 = Debug|Any CPU
		{F4DEA4E9-7BCD-4BF3-B064-D77BD583B0E5}.Release|Any CPU.ActiveCfg = Release|Any CPU
		{F4DEA4E9-7BCD-4BF3-B064-D77BD583B0E5}.Release|Any CPU.Build.0 = Release|Any CPU
		{F4DEA4E9-7BCD-4BF3-B064-D77BD583B0E5}.Release|iPhone.ActiveCfg = Release|Any CPU
		{F4DEA4E9-7BCD-4BF3-B064-D77BD583B0E5}.Release|iPhone.Build.0 = Release|Any CPU
		{F4DEA4E9-7BCD-4BF3-B064-D77BD583B0E5}.Release|iPhoneSimulator.ActiveCfg = Release|Any CPU
		{F4DEA4E9-7BCD-4BF3-B064-D77BD583B0E5}.Release|iPhoneSimulator.Build.0 = Release|Any CPU
		{D8258A89-24E1-4BC5-933F-AA0658F97A62}.Ad-Hoc|Any CPU.ActiveCfg = Ad-Hoc|iPhoneSimulator
		{D8258A89-24E1-4BC5-933F-AA0658F97A62}.Ad-Hoc|iPhone.ActiveCfg = Ad-Hoc|iPhone
		{D8258A89-24E1-4BC5-933F-AA0658F97A62}.Ad-Hoc|iPhone.Build.0 = Ad-Hoc|iPhone
		{D8258A89-24E1-4BC5-933F-AA0658F97A62}.Ad-Hoc|iPhoneSimulator.ActiveCfg = Ad-Hoc|iPhoneSimulator
		{D8258A89-24E1-4BC5-933F-AA0658F97A62}.Ad-Hoc|iPhoneSimulator.Build.0 = Ad-Hoc|iPhoneSimulator
		{D8258A89-24E1-4BC5-933F-AA0658F97A62}.AppStore|Any CPU.ActiveCfg = AppStore|iPhoneSimulator
		{D8258A89-24E1-4BC5-933F-AA0658F97A62}.AppStore|iPhone.ActiveCfg = AppStore|iPhone
		{D8258A89-24E1-4BC5-933F-AA0658F97A62}.AppStore|iPhone.Build.0 = AppStore|iPhone
		{D8258A89-24E1-4BC5-933F-AA0658F97A62}.AppStore|iPhoneSimulator.ActiveCfg = AppStore|iPhoneSimulator
		{D8258A89-24E1-4BC5-933F-AA0658F97A62}.AppStore|iPhoneSimulator.Build.0 = AppStore|iPhoneSimulator
		{D8258A89-24E1-4BC5-933F-AA0658F97A62}.Debug|Any CPU.ActiveCfg = Debug|iPhoneSimulator
		{D8258A89-24E1-4BC5-933F-AA0658F97A62}.Debug|iPhone.ActiveCfg = Debug|iPhone
		{D8258A89-24E1-4BC5-933F-AA0658F97A62}.Debug|iPhone.Build.0 = Debug|iPhone
		{D8258A89-24E1-4BC5-933F-AA0658F97A62}.Debug|iPhoneSimulator.ActiveCfg = Debug|iPhoneSimulator
		{D8258A89-24E1-4BC5-933F-AA0658F97A62}.Debug|iPhoneSimulator.Build.0 = Debug|iPhoneSimulator
		{D8258A89-24E1-4BC5-933F-AA0658F97A62}.Release|Any CPU.ActiveCfg = Release|iPhoneSimulator
		{D8258A89-24E1-4BC5-933F-AA0658F97A62}.Release|iPhone.ActiveCfg = Release|iPhone
		{D8258A89-24E1-4BC5-933F-AA0658F97A62}.Release|iPhone.Build.0 = Release|iPhone
		{D8258A89-24E1-4BC5-933F-AA0658F97A62}.Release|iPhoneSimulator.ActiveCfg = Release|iPhoneSimulator
		{D8258A89-24E1-4BC5-933F-AA0658F97A62}.Release|iPhoneSimulator.Build.0 = Release|iPhoneSimulator
	EndGlobalSection
	GlobalSection(SolutionProperties) = preSolution
		HideSolutionNode = FALSE
	EndGlobalSection
	GlobalSection(ExtensibilityGlobals) = postSolution
		SolutionGuid = {5449760E-3684-499D-9658-12123521C124}
	EndGlobalSection
EndGlobal
